
Microsoft Visual Studio Solution File, Format Version 12.00
# Visual Studio Version 17
VisualStudioVersion = 17.5.002.0
MinimumVisualStudioVersion = 10.0.40219.1
Project("{9A19103F-16F7-4668-BE54-9A1E7A4F7556}") = "Playground", "Playground.csproj", "{99193EC1-2E85-4F4C-A36C-C4D41CAE5C34}"
EndProject
Global
	GlobalSection(SolutionConfigurationPlatforms) = preSolution
		Debug|Any CPU = Debug|Any CPU
		Release|Any CPU = Release|Any CPU
	EndGlobalSection
	GlobalSection(ProjectConfigurationPlatforms) = postSolution
		{99193EC1-2E85-4F4C-A36C-C4D41CAE5C34}.Debug|Any CPU.ActiveCfg = Debug|Any CPU
		{99193EC1-2E85-4F4C-A36C-C4D41CAE5C34}.Debug|Any CPU.Build.0 = Debug|Any CPU
		{99193EC1-2E85-4F4C-A36C-C4D41CAE5C34}.Release|Any CPU.ActiveCfg = Release|Any CPU
		{99193EC1-2E85-4F4C-A36C-C4D41CAE5C34}.Release|Any CPU.Build.0 = Release|Any CPU
	EndGlobalSection
	GlobalSection(SolutionProperties) = preSolution
		HideSolutionNode = FALSE
	EndGlobalSection
	GlobalSection(ExtensibilityGlobals) = postSolution
		SolutionGuid = {6277BA02-21F3-47DF-B297-2098D0872C3B}
	EndGlobalSection
EndGlobal
